
Microsoft Visual Studio Solution File, Format Version 12.00
# Visual Studio Version 16
VisualStudioVersion = 16.0.32630.194
MinimumVisualStudioVersion = 10.0.40219.1
Project("{9A19103F-16F7-4668-BE54-9A1E7A4F7556}") = "Data", "Data\Data.csproj", "{294C368A-3034-432D-826A-A76F2D4F2720}"
EndProject
Project("{9A19103F-16F7-4668-BE54-9A1E7A4F7556}") = "DataProviders", "DataProviders\DataProviders.csproj", "{3D97F1D6-BCF3-48A5-A35F-C6C5A0835EAA}"
EndProject
Project("{FAE04EC0-301F-11D3-BF4B-00C04F79EFBC}") = "DataProvidersTests", "DataProvidersTests\DataProvidersTests.csproj", "{7CEB6B3C-F403-4F7F-9843-7EE83EA36FD9}"
EndProject
Global
	GlobalSection(SolutionConfigurationPlatforms) = preSolution
		Debug|Any CPU = Debug|Any CPU
		Release|Any CPU = Release|Any CPU
	EndGlobalSection
	GlobalSection(ProjectConfigurationPlatforms) = postSolution
		{294C368A-3034-432D-826A-A76F2D4F2720}.Debug|Any CPU.ActiveCfg = Debug|Any CPU
		{294C368A-3034-432D-826A-A76F2D4F2720}.Debug|Any CPU.Build.0 = Debug|Any CPU
		{294C368A-3034-432D-826A-A76F2D4F2720}.Release|Any CPU.ActiveCfg = Release|Any CPU
		{294C368A-3034-432D-826A-A76F2D4F2720}.Release|Any CPU.Build.0 = Release|Any CPU
		{3D97F1D6-BCF3-48A5-A35F-C6C5A0835EAA}.Debug|Any CPU.ActiveCfg = Debug|Any CPU
		{3D97F1D6-BCF3-48A5-A35F-C6C5A0835EAA}.Debug|Any CPU.Build.0 = Debug|Any CPU
		{3D97F1D6-BCF3-48A5-A35F-C6C5A0835EAA}.Release|Any CPU.ActiveCfg = Release|Any CPU
		{3D97F1D6-BCF3-48A5-A35F-C6C5A0835EAA}.Release|Any CPU.Build.0 = Release|Any CPU
		{7CEB6B3C-F403-4F7F-9843-7EE83EA36FD9}.Debug|Any CPU.ActiveCfg = Debug|Any CPU
		{7CEB6B3C-F403-4F7F-9843-7EE83EA36FD9}.Debug|Any CPU.Build.0 = Debug|Any CPU
		{7CEB6B3C-F403-4F7F-9843-7EE83EA36FD9}.Release|Any CPU.ActiveCfg = Release|Any CPU
		{7CEB6B3C-F403-4F7F-9843-7EE83EA36FD9}.Release|Any CPU.Build.0 = Release|Any CPU
	EndGlobalSection
	GlobalSection(SolutionProperties) = preSolution
		HideSolutionNode = FALSE
	EndGlobalSection
	GlobalSection(ExtensibilityGlobals) = postSolution
		SolutionGuid = {D5A93E23-9CA9-4240-BF1C-8D1FCD605346}
	EndGlobalSection
EndGlobal
